// !$*UTF8*$!
{
	archiveVersion = 1;
	classes = {
	};
	objectVersion = 50;
	objects = {

/* Begin PBXBuildFile section */
		526BAB20985F46AEB8321B14 /* Pods_DrewsStore.framework in Frameworks */ = {isa = PBXBuildFile; fileRef = 96004D5DC0595DFCCBD5C5C5 /* Pods_DrewsStore.framework */; };
		6604D73B2244F7ED004B5ABE /* HeaderResult.swift in Sources */ = {isa = PBXBuildFile; fileRef = 6604D73A2244F7ED004B5ABE /* HeaderResult.swift */; };
		6604D73D22454665004B5ABE /* HorizontalSnappigViewController.swift in Sources */ = {isa = PBXBuildFile; fileRef = 6604D73C22454665004B5ABE /* HorizontalSnappigViewController.swift */; };
		6604D73F2245748A004B5ABE /* ApplicationDetailViewController.swift in Sources */ = {isa = PBXBuildFile; fileRef = 6604D73E2245748A004B5ABE /* ApplicationDetailViewController.swift */; };
		6604D74122457DB6004B5ABE /* ApplicationDetailCell.swift in Sources */ = {isa = PBXBuildFile; fileRef = 6604D74022457DB6004B5ABE /* ApplicationDetailCell.swift */; };
		6608D51222428C31003E0E35 /* SearchResult.swift in Sources */ = {isa = PBXBuildFile; fileRef = 6608D51122428C31003E0E35 /* SearchResult.swift */; };
		6608D515224293C6003E0E35 /* APINetworking.swift in Sources */ = {isa = PBXBuildFile; fileRef = 6608D514224293C6003E0E35 /* APINetworking.swift */; };
		6608D5172242BDB7003E0E35 /* ApplicationsViewController.swift in Sources */ = {isa = PBXBuildFile; fileRef = 6608D5162242BDB7003E0E35 /* ApplicationsViewController.swift */; };
		6608D5192242C2E0003E0E35 /* ApplicationsGroupCell.swift in Sources */ = {isa = PBXBuildFile; fileRef = 6608D5182242C2E0003E0E35 /* ApplicationsGroupCell.swift */; };
		6608D51B2242C4ED003E0E35 /* UILabelExt.swift in Sources */ = {isa = PBXBuildFile; fileRef = 6608D51A2242C4ED003E0E35 /* UILabelExt.swift */; };
		6608D51D2242C6BD003E0E35 /* ApplicationsHorizontalViewController.swift in Sources */ = {isa = PBXBuildFile; fileRef = 6608D51C2242C6BD003E0E35 /* ApplicationsHorizontalViewController.swift */; };
		66092B222247C020007DB974 /* ApplicationPreviewCell.swift in Sources */ = {isa = PBXBuildFile; fileRef = 66092B212247C020007DB974 /* ApplicationPreviewCell.swift */; };
		66092B242247C17A007DB974 /* ApplicationsPreviewViewController.swift in Sources */ = {isa = PBXBuildFile; fileRef = 66092B232247C17A007DB974 /* ApplicationsPreviewViewController.swift */; };
		66092B262247CDF2007DB974 /* PreviewScreenshotCell.swift in Sources */ = {isa = PBXBuildFile; fileRef = 66092B252247CDF2007DB974 /* PreviewScreenshotCell.swift */; };
		66092B282247D7E2007DB974 /* ApplicationReviewRowCell.swift in Sources */ = {isa = PBXBuildFile; fileRef = 66092B272247D7E2007DB974 /* ApplicationReviewRowCell.swift */; };
		66092B2A2247D8CD007DB974 /* ApplicationReviewsViewController.swift in Sources */ = {isa = PBXBuildFile; fileRef = 66092B292247D8CD007DB974 /* ApplicationReviewsViewController.swift */; };
		66092B2C2247DB8D007DB974 /* ApplicationSingleReviewCell.swift in Sources */ = {isa = PBXBuildFile; fileRef = 66092B2B2247DB8D007DB974 /* ApplicationSingleReviewCell.swift */; };
		66092B2E2247E4F5007DB974 /* Reviews.swift in Sources */ = {isa = PBXBuildFile; fileRef = 66092B2D2247E4F5007DB974 /* Reviews.swift */; };
		6609A29822415BB10026CE8A /* AppDelegate.swift in Sources */ = {isa = PBXBuildFile; fileRef = 6609A29722415BB10026CE8A /* AppDelegate.swift */; };
		6609A29A22415BB10026CE8A /* SearchViewController.swift in Sources */ = {isa = PBXBuildFile; fileRef = 6609A29922415BB10026CE8A /* SearchViewController.swift */; };
		6609A29D22415BB10026CE8A /* Main.storyboard in Resources */ = {isa = PBXBuildFile; fileRef = 6609A29B22415BB10026CE8A /* Main.storyboard */; };
		6609A29F22415BB30026CE8A /* Assets.xcassets in Resources */ = {isa = PBXBuildFile; fileRef = 6609A29E22415BB30026CE8A /* Assets.xcassets */; };
		6609A2A222415BB30026CE8A /* LaunchScreen.storyboard in Resources */ = {isa = PBXBuildFile; fileRef = 6609A2A022415BB30026CE8A /* LaunchScreen.storyboard */; };
		6609A2AB22415CA40026CE8A /* MainTabBarController.swift in Sources */ = {isa = PBXBuildFile; fileRef = 6609A2AA22415CA40026CE8A /* MainTabBarController.swift */; };
		6609A2AE224170E50026CE8A /* Constants.swift in Sources */ = {isa = PBXBuildFile; fileRef = 6609A2AD224170E50026CE8A /* Constants.swift */; };
		6609A2B12241727F0026CE8A /* SearchAppCell.swift in Sources */ = {isa = PBXBuildFile; fileRef = 6609A2B02241727F0026CE8A /* SearchAppCell.swift */; };
		6609A2B622417BB70026CE8A /* UIViewExt.swift in Sources */ = {isa = PBXBuildFile; fileRef = 6609A2B522417BB70026CE8A /* UIViewExt.swift */; };
		6609A2B8224182410026CE8A /* VerticalStackView.swift in Sources */ = {isa = PBXBuildFile; fileRef = 6609A2B7224182410026CE8A /* VerticalStackView.swift */; };
		660A06672248EA2600E9E441 /* TodayViewController.swift in Sources */ = {isa = PBXBuildFile; fileRef = 660A06662248EA2600E9E441 /* TodayViewController.swift */; };
		660A06692248EB3700E9E441 /* TodayCell.swift in Sources */ = {isa = PBXBuildFile; fileRef = 660A06682248EB3700E9E441 /* TodayCell.swift */; };
		660A066B2248FA5000E9E441 /* ApplicationFullscreenViewController.swift in Sources */ = {isa = PBXBuildFile; fileRef = 660A066A2248FA5000E9E441 /* ApplicationFullscreenViewController.swift */; };
		660A066E224909A400E9E441 /* ApplicationFullscreenDescriptionCell.swift in Sources */ = {isa = PBXBuildFile; fileRef = 660A066D224909A400E9E441 /* ApplicationFullscreenDescriptionCell.swift */; };
		660A06702249217D00E9E441 /* ApplicationFullscreenHeaderCell.swift in Sources */ = {isa = PBXBuildFile; fileRef = 660A066F2249217D00E9E441 /* ApplicationFullscreenHeaderCell.swift */; };
		660A06722249619700E9E441 /* TodayItem.swift in Sources */ = {isa = PBXBuildFile; fileRef = 660A06712249619700E9E441 /* TodayItem.swift */; };
		669BCE072243DF040028C5DA /* ApplicationRowCell.swift in Sources */ = {isa = PBXBuildFile; fileRef = 669BCE062243DF040028C5DA /* ApplicationRowCell.swift */; };
		669BCE092243E0470028C5DA /* UIImageViewExt.swift in Sources */ = {isa = PBXBuildFile; fileRef = 669BCE082243E0470028C5DA /* UIImageViewExt.swift */; };
		669BCE0B2243E67F0028C5DA /* ApplicationsHeader.swift in Sources */ = {isa = PBXBuildFile; fileRef = 669BCE0A2243E67F0028C5DA /* ApplicationsHeader.swift */; };
		669BCE0D2243E8D00028C5DA /* ApplicationsHeaderHorizontalViewController.swift in Sources */ = {isa = PBXBuildFile; fileRef = 669BCE0C2243E8D00028C5DA /* ApplicationsHeaderHorizontalViewController.swift */; };
		669BCE0F2243F6EF0028C5DA /* ApplicationHeaderCell.swift in Sources */ = {isa = PBXBuildFile; fileRef = 669BCE0E2243F6EF0028C5DA /* ApplicationHeaderCell.swift */; };
		669BCE112244074B0028C5DA /* ApplicationGroup.swift in Sources */ = {isa = PBXBuildFile; fileRef = 669BCE102244074B0028C5DA /* ApplicationGroup.swift */; };
/* End PBXBuildFile section */

/* Begin PBXFileReference section */
		228AF61CEFE1D2273AF0BC91 /* Pods-DrewsStore.debug.xcconfig */ = {isa = PBXFileReference; includeInIndex = 1; lastKnownFileType = text.xcconfig; name = "Pods-DrewsStore.debug.xcconfig"; path = "Pods/Target Support Files/Pods-DrewsStore/Pods-DrewsStore.debug.xcconfig"; sourceTree = "<group>"; };
		6604D73A2244F7ED004B5ABE /* HeaderResult.swift */ = {isa = PBXFileReference; lastKnownFileType = sourcecode.swift; path = HeaderResult.swift; sourceTree = "<group>"; };
		6604D73C22454665004B5ABE /* HorizontalSnappigViewController.swift */ = {isa = PBXFileReference; lastKnownFileType = sourcecode.swift; path = HorizontalSnappigViewController.swift; sourceTree = "<group>"; };
		6604D73E2245748A004B5ABE /* ApplicationDetailViewController.swift */ = {isa = PBXFileReference; lastKnownFileType = sourcecode.swift; path = ApplicationDetailViewController.swift; sourceTree = "<group>"; };
		6604D74022457DB6004B5ABE /* ApplicationDetailCell.swift */ = {isa = PBXFileReference; lastKnownFileType = sourcecode.swift; path = ApplicationDetailCell.swift; sourceTree = "<group>"; };
		6608D51122428C31003E0E35 /* SearchResult.swift */ = {isa = PBXFileReference; lastKnownFileType = sourcecode.swift; path = SearchResult.swift; sourceTree = "<group>"; };
		6608D514224293C6003E0E35 /* APINetworking.swift */ = {isa = PBXFileReference; lastKnownFileType = sourcecode.swift; path = APINetworking.swift; sourceTree = "<group>"; };
		6608D5162242BDB7003E0E35 /* ApplicationsViewController.swift */ = {isa = PBXFileReference; lastKnownFileType = sourcecode.swift; path = ApplicationsViewController.swift; sourceTree = "<group>"; };
		6608D5182242C2E0003E0E35 /* ApplicationsGroupCell.swift */ = {isa = PBXFileReference; lastKnownFileType = sourcecode.swift; path = ApplicationsGroupCell.swift; sourceTree = "<group>"; };
		6608D51A2242C4ED003E0E35 /* UILabelExt.swift */ = {isa = PBXFileReference; lastKnownFileType = sourcecode.swift; path = UILabelExt.swift; sourceTree = "<group>"; };
		6608D51C2242C6BD003E0E35 /* ApplicationsHorizontalViewController.swift */ = {isa = PBXFileReference; lastKnownFileType = sourcecode.swift; path = ApplicationsHorizontalViewController.swift; sourceTree = "<group>"; };
		66092B212247C020007DB974 /* ApplicationPreviewCell.swift */ = {isa = PBXFileReference; lastKnownFileType = sourcecode.swift; path = ApplicationPreviewCell.swift; sourceTree = "<group>"; };
		66092B232247C17A007DB974 /* ApplicationsPreviewViewController.swift */ = {isa = PBXFileReference; lastKnownFileType = sourcecode.swift; path = ApplicationsPreviewViewController.swift; sourceTree = "<group>"; };
		66092B252247CDF2007DB974 /* PreviewScreenshotCell.swift */ = {isa = PBXFileReference; lastKnownFileType = sourcecode.swift; path = PreviewScreenshotCell.swift; sourceTree = "<group>"; };
		66092B272247D7E2007DB974 /* ApplicationReviewRowCell.swift */ = {isa = PBXFileReference; lastKnownFileType = sourcecode.swift; path = ApplicationReviewRowCell.swift; sourceTree = "<group>"; };
		66092B292247D8CD007DB974 /* ApplicationReviewsViewController.swift */ = {isa = PBXFileReference; lastKnownFileType = sourcecode.swift; path = ApplicationReviewsViewController.swift; sourceTree = "<group>"; };
		66092B2B2247DB8D007DB974 /* ApplicationSingleReviewCell.swift */ = {isa = PBXFileReference; lastKnownFileType = sourcecode.swift; path = ApplicationSingleReviewCell.swift; sourceTree = "<group>"; };
		66092B2D2247E4F5007DB974 /* Reviews.swift */ = {isa = PBXFileReference; lastKnownFileType = sourcecode.swift; path = Reviews.swift; sourceTree = "<group>"; };
		6609A29422415BB10026CE8A /* DrewsStore.app */ = {isa = PBXFileReference; explicitFileType = wrapper.application; includeInIndex = 0; path = DrewsStore.app; sourceTree = BUILT_PRODUCTS_DIR; };
		6609A29722415BB10026CE8A /* AppDelegate.swift */ = {isa = PBXFileReference; lastKnownFileType = sourcecode.swift; path = AppDelegate.swift; sourceTree = "<group>"; };
		6609A29922415BB10026CE8A /* SearchViewController.swift */ = {isa = PBXFileReference; lastKnownFileType = sourcecode.swift; path = SearchViewController.swift; sourceTree = "<group>"; };
		6609A29C22415BB10026CE8A /* Base */ = {isa = PBXFileReference; lastKnownFileType = file.storyboard; name = Base; path = Base.lproj/Main.storyboard; sourceTree = "<group>"; };
		6609A29E22415BB30026CE8A /* Assets.xcassets */ = {isa = PBXFileReference; lastKnownFileType = folder.assetcatalog; path = Assets.xcassets; sourceTree = "<group>"; };
		6609A2A122415BB30026CE8A /* Base */ = {isa = PBXFileReference; lastKnownFileType = file.storyboard; name = Base; path = Base.lproj/LaunchScreen.storyboard; sourceTree = "<group>"; };
		6609A2A322415BB30026CE8A /* Info.plist */ = {isa = PBXFileReference; lastKnownFileType = text.plist.xml; path = Info.plist; sourceTree = "<group>"; };
		6609A2AA22415CA40026CE8A /* MainTabBarController.swift */ = {isa = PBXFileReference; lastKnownFileType = sourcecode.swift; path = MainTabBarController.swift; sourceTree = "<group>"; };
		6609A2AD224170E50026CE8A /* Constants.swift */ = {isa = PBXFileReference; lastKnownFileType = sourcecode.swift; path = Constants.swift; sourceTree = "<group>"; };
		6609A2B02241727F0026CE8A /* SearchAppCell.swift */ = {isa = PBXFileReference; lastKnownFileType = sourcecode.swift; path = SearchAppCell.swift; sourceTree = "<group>"; };
		6609A2B522417BB70026CE8A /* UIViewExt.swift */ = {isa = PBXFileReference; fileEncoding = 4; lastKnownFileType = sourcecode.swift; path = UIViewExt.swift; sourceTree = "<group>"; };
		6609A2B7224182410026CE8A /* VerticalStackView.swift */ = {isa = PBXFileReference; lastKnownFileType = sourcecode.swift; path = VerticalStackView.swift; sourceTree = "<group>"; };
		660A06662248EA2600E9E441 /* TodayViewController.swift */ = {isa = PBXFileReference; lastKnownFileType = sourcecode.swift; path = TodayViewController.swift; sourceTree = "<group>"; };
		660A06682248EB3700E9E441 /* TodayCell.swift */ = {isa = PBXFileReference; lastKnownFileType = sourcecode.swift; path = TodayCell.swift; sourceTree = "<group>"; };
		660A066A2248FA5000E9E441 /* ApplicationFullscreenViewController.swift */ = {isa = PBXFileReference; lastKnownFileType = sourcecode.swift; path = ApplicationFullscreenViewController.swift; sourceTree = "<group>"; };
		660A066D224909A400E9E441 /* ApplicationFullscreenDescriptionCell.swift */ = {isa = PBXFileReference; lastKnownFileType = sourcecode.swift; path = ApplicationFullscreenDescriptionCell.swift; sourceTree = "<group>"; };
		660A066F2249217D00E9E441 /* ApplicationFullscreenHeaderCell.swift */ = {isa = PBXFileReference; lastKnownFileType = sourcecode.swift; path = ApplicationFullscreenHeaderCell.swift; sourceTree = "<group>"; };
		660A06712249619700E9E441 /* TodayItem.swift */ = {isa = PBXFileReference; lastKnownFileType = sourcecode.swift; path = TodayItem.swift; sourceTree = "<group>"; };
		669BCE062243DF040028C5DA /* ApplicationRowCell.swift */ = {isa = PBXFileReference; lastKnownFileType = sourcecode.swift; path = ApplicationRowCell.swift; sourceTree = "<group>"; };
		669BCE082243E0470028C5DA /* UIImageViewExt.swift */ = {isa = PBXFileReference; lastKnownFileType = sourcecode.swift; path = UIImageViewExt.swift; sourceTree = "<group>"; };
		669BCE0A2243E67F0028C5DA /* ApplicationsHeader.swift */ = {isa = PBXFileReference; lastKnownFileType = sourcecode.swift; path = ApplicationsHeader.swift; sourceTree = "<group>"; };
		669BCE0C2243E8D00028C5DA /* ApplicationsHeaderHorizontalViewController.swift */ = {isa = PBXFileReference; lastKnownFileType = sourcecode.swift; path = ApplicationsHeaderHorizontalViewController.swift; sourceTree = "<group>"; };
		669BCE0E2243F6EF0028C5DA /* ApplicationHeaderCell.swift */ = {isa = PBXFileReference; lastKnownFileType = sourcecode.swift; path = ApplicationHeaderCell.swift; sourceTree = "<group>"; };
		669BCE102244074B0028C5DA /* ApplicationGroup.swift */ = {isa = PBXFileReference; lastKnownFileType = sourcecode.swift; path = ApplicationGroup.swift; sourceTree = "<group>"; };
		96004D5DC0595DFCCBD5C5C5 /* Pods_DrewsStore.framework */ = {isa = PBXFileReference; explicitFileType = wrapper.framework; includeInIndex = 0; path = Pods_DrewsStore.framework; sourceTree = BUILT_PRODUCTS_DIR; };
		B00508970442CFF41F81A912 /* Pods-DrewsStore.release.xcconfig */ = {isa = PBXFileReference; includeInIndex = 1; lastKnownFileType = text.xcconfig; name = "Pods-DrewsStore.release.xcconfig"; path = "Pods/Target Support Files/Pods-DrewsStore/Pods-DrewsStore.release.xcconfig"; sourceTree = "<group>"; };
/* End PBXFileReference section */

/* Begin PBXFrameworksBuildPhase section */
		6609A29122415BB10026CE8A /* Frameworks */ = {
			isa = PBXFrameworksBuildPhase;
			buildActionMask = 2147483647;
			files = (
				526BAB20985F46AEB8321B14 /* Pods_DrewsStore.framework in Frameworks */,
			);
			runOnlyForDeploymentPostprocessing = 0;
		};
/* End PBXFrameworksBuildPhase section */

/* Begin PBXGroup section */
		331BA644422062CB4104EE28 /* Frameworks */ = {
			isa = PBXGroup;
			children = (
				96004D5DC0595DFCCBD5C5C5 /* Pods_DrewsStore.framework */,
			);
			name = Frameworks;
			sourceTree = "<group>";
		};
		6608D510224288D0003E0E35 /* Models */ = {
			isa = PBXGroup;
			children = (
				6608D51122428C31003E0E35 /* SearchResult.swift */,
				669BCE102244074B0028C5DA /* ApplicationGroup.swift */,
				6604D73A2244F7ED004B5ABE /* HeaderResult.swift */,
				66092B2D2247E4F5007DB974 /* Reviews.swift */,
				660A06712249619700E9E441 /* TodayItem.swift */,
			);
			path = Models;
			sourceTree = "<group>";
		};
		6608D513224293AE003E0E35 /* Services */ = {
			isa = PBXGroup;
			children = (
				6608D514224293C6003E0E35 /* APINetworking.swift */,
			);
			path = Services;
			sourceTree = "<group>";
		};
		6608D51E2242C757003E0E35 /* Search */ = {
			isa = PBXGroup;
			children = (
				6609A29922415BB10026CE8A /* SearchViewController.swift */,
			);
			path = Search;
			sourceTree = "<group>";
		};
		6608D51F2242C75C003E0E35 /* Apps */ = {
			isa = PBXGroup;
			children = (
				6608D5162242BDB7003E0E35 /* ApplicationsViewController.swift */,
				6608D51C2242C6BD003E0E35 /* ApplicationsHorizontalViewController.swift */,
				669BCE0C2243E8D00028C5DA /* ApplicationsHeaderHorizontalViewController.swift */,
				6604D73C22454665004B5ABE /* HorizontalSnappigViewController.swift */,
				66092B232247C17A007DB974 /* ApplicationsPreviewViewController.swift */,
				66092B292247D8CD007DB974 /* ApplicationReviewsViewController.swift */,
			);
			path = Apps;
			sourceTree = "<group>";
		};
		6608D5202242C763003E0E35 /* Today */ = {
			isa = PBXGroup;
			children = (
				660A06662248EA2600E9E441 /* TodayViewController.swift */,
				660A066A2248FA5000E9E441 /* ApplicationFullscreenViewController.swift */,
			);
			path = Today;
			sourceTree = "<group>";
		};
		6608D5212242C778003E0E35 /* Cells */ = {
			isa = PBXGroup;
			children = (
				660A066C2249098A00E9E441 /* TodayScreenCells */,
				66092B202247BFF4007DB974 /* ApplicationScreenCells */,
				6609A2B02241727F0026CE8A /* SearchAppCell.swift */,
				66092B252247CDF2007DB974 /* PreviewScreenshotCell.swift */,
			);
			path = Cells;
			sourceTree = "<group>";
		};
		66092B202247BFF4007DB974 /* ApplicationScreenCells */ = {
			isa = PBXGroup;
			children = (
				6604D74022457DB6004B5ABE /* ApplicationDetailCell.swift */,
				6608D5182242C2E0003E0E35 /* ApplicationsGroupCell.swift */,
				669BCE062243DF040028C5DA /* ApplicationRowCell.swift */,
				669BCE0E2243F6EF0028C5DA /* ApplicationHeaderCell.swift */,
				66092B212247C020007DB974 /* ApplicationPreviewCell.swift */,
				66092B272247D7E2007DB974 /* ApplicationReviewRowCell.swift */,
				66092B2B2247DB8D007DB974 /* ApplicationSingleReviewCell.swift */,
			);
			path = ApplicationScreenCells;
			sourceTree = "<group>";
		};
		6609A28B22415BB10026CE8A = {
			isa = PBXGroup;
			children = (
				6609A29622415BB10026CE8A /* DrewsStore */,
				6609A29522415BB10026CE8A /* Products */,
				8CCB65DA6068438D88517202 /* Pods */,
				331BA644422062CB4104EE28 /* Frameworks */,
			);
			sourceTree = "<group>";
		};
		6609A29522415BB10026CE8A /* Products */ = {
			isa = PBXGroup;
			children = (
				6609A29422415BB10026CE8A /* DrewsStore.app */,
			);
			name = Products;
			sourceTree = "<group>";
		};
		6609A29622415BB10026CE8A /* DrewsStore */ = {
			isa = PBXGroup;
			children = (
				6608D513224293AE003E0E35 /* Services */,
				6608D510224288D0003E0E35 /* Models */,
				6609A2AF224172650026CE8A /* Views */,
				6609A2A922415C8D0026CE8A /* Controllers */,
				6609A2B222417B530026CE8A /* Extensions */,
				6609A2AC224170D40026CE8A /* Utils */,
				6609A29722415BB10026CE8A /* AppDelegate.swift */,
				6609A29B22415BB10026CE8A /* Main.storyboard */,
				6609A29E22415BB30026CE8A /* Assets.xcassets */,
				6609A2A022415BB30026CE8A /* LaunchScreen.storyboard */,
				6609A2A322415BB30026CE8A /* Info.plist */,
			);
			path = DrewsStore;
			sourceTree = "<group>";
		};
		6609A2A922415C8D0026CE8A /* Controllers */ = {
			isa = PBXGroup;
			children = (
				6608D5202242C763003E0E35 /* Today */,
				6608D51F2242C75C003E0E35 /* Apps */,
				6608D51E2242C757003E0E35 /* Search */,
				6609A2AA22415CA40026CE8A /* MainTabBarController.swift */,
				6604D73E2245748A004B5ABE /* ApplicationDetailViewController.swift */,
			);
			path = Controllers;
			sourceTree = "<group>";
		};
		6609A2AC224170D40026CE8A /* Utils */ = {
			isa = PBXGroup;
			children = (
				6609A2AD224170E50026CE8A /* Constants.swift */,
			);
			path = Utils;
			sourceTree = "<group>";
		};
		6609A2AF224172650026CE8A /* Views */ = {
			isa = PBXGroup;
			children = (
				6608D5212242C778003E0E35 /* Cells */,
				6609A2B7224182410026CE8A /* VerticalStackView.swift */,
				669BCE0A2243E67F0028C5DA /* ApplicationsHeader.swift */,
			);
			path = Views;
			sourceTree = "<group>";
		};
		6609A2B222417B530026CE8A /* Extensions */ = {
			isa = PBXGroup;
			children = (
				6609A2B522417BB70026CE8A /* UIViewExt.swift */,
				6608D51A2242C4ED003E0E35 /* UILabelExt.swift */,
				669BCE082243E0470028C5DA /* UIImageViewExt.swift */,
			);
			path = Extensions;
			sourceTree = "<group>";
		};
		660A066C2249098A00E9E441 /* TodayScreenCells */ = {
			isa = PBXGroup;
			children = (
				660A06682248EB3700E9E441 /* TodayCell.swift */,
				660A066D224909A400E9E441 /* ApplicationFullscreenDescriptionCell.swift */,
				660A066F2249217D00E9E441 /* ApplicationFullscreenHeaderCell.swift */,
			);
			path = TodayScreenCells;
			sourceTree = "<group>";
		};
		8CCB65DA6068438D88517202 /* Pods */ = {
			isa = PBXGroup;
			children = (
				228AF61CEFE1D2273AF0BC91 /* Pods-DrewsStore.debug.xcconfig */,
				B00508970442CFF41F81A912 /* Pods-DrewsStore.release.xcconfig */,
			);
			name = Pods;
			sourceTree = "<group>";
		};
/* End PBXGroup section */

/* Begin PBXNativeTarget section */
		6609A29322415BB10026CE8A /* DrewsStore */ = {
			isa = PBXNativeTarget;
			buildConfigurationList = 6609A2A622415BB30026CE8A /* Build configuration list for PBXNativeTarget "DrewsStore" */;
			buildPhases = (
				7872E03444DE8CE95A6E0572 /* [CP] Check Pods Manifest.lock */,
				6609A29022415BB10026CE8A /* Sources */,
				6609A29122415BB10026CE8A /* Frameworks */,
				6609A29222415BB10026CE8A /* Resources */,
				CE12C49CE3485049312E2AA7 /* [CP] Embed Pods Frameworks */,
			);
			buildRules = (
			);
			dependencies = (
			);
			name = DrewsStore;
			productName = DrewsStore;
			productReference = 6609A29422415BB10026CE8A /* DrewsStore.app */;
			productType = "com.apple.product-type.application";
		};
/* End PBXNativeTarget section */

/* Begin PBXProject section */
		6609A28C22415BB10026CE8A /* Project object */ = {
			isa = PBXProject;
			attributes = {
				LastSwiftUpdateCheck = 1010;
				LastUpgradeCheck = 1010;
				ORGANIZATIONNAME = "Andrii Zakharenkov";
				TargetAttributes = {
					6609A29322415BB10026CE8A = {
						CreatedOnToolsVersion = 10.1;
					};
				};
			};
			buildConfigurationList = 6609A28F22415BB10026CE8A /* Build configuration list for PBXProject "DrewsStore" */;
			compatibilityVersion = "Xcode 9.3";
			developmentRegion = en;
			hasScannedForEncodings = 0;
			knownRegions = (
				en,
				Base,
			);
			mainGroup = 6609A28B22415BB10026CE8A;
			productRefGroup = 6609A29522415BB10026CE8A /* Products */;
			projectDirPath = "";
			projectRoot = "";
			targets = (
				6609A29322415BB10026CE8A /* DrewsStore */,
			);
		};
/* End PBXProject section */

/* Begin PBXResourcesBuildPhase section */
		6609A29222415BB10026CE8A /* Resources */ = {
			isa = PBXResourcesBuildPhase;
			buildActionMask = 2147483647;
			files = (
				6609A2A222415BB30026CE8A /* LaunchScreen.storyboard in Resources */,
				6609A29F22415BB30026CE8A /* Assets.xcassets in Resources */,
				6609A29D22415BB10026CE8A /* Main.storyboard in Resources */,
			);
			runOnlyForDeploymentPostprocessing = 0;
		};
/* End PBXResourcesBuildPhase section */

/* Begin PBXShellScriptBuildPhase section */
		7872E03444DE8CE95A6E0572 /* [CP] Check Pods Manifest.lock */ = {
			isa = PBXShellScriptBuildPhase;
			buildActionMask = 2147483647;
			files = (
			);
			inputFileListPaths = (
			);
			inputPaths = (
				"${PODS_PODFILE_DIR_PATH}/Podfile.lock",
				"${PODS_ROOT}/Manifest.lock",
			);
			name = "[CP] Check Pods Manifest.lock";
			outputFileListPaths = (
			);
			outputPaths = (
				"$(DERIVED_FILE_DIR)/Pods-DrewsStore-checkManifestLockResult.txt",
			);
			runOnlyForDeploymentPostprocessing = 0;
			shellPath = /bin/sh;
			shellScript = "diff \"${PODS_PODFILE_DIR_PATH}/Podfile.lock\" \"${PODS_ROOT}/Manifest.lock\" > /dev/null\nif [ $? != 0 ] ; then\n    # print error to STDERR\n    echo \"error: The sandbox is not in sync with the Podfile.lock. Run 'pod install' or update your CocoaPods installation.\" >&2\n    exit 1\nfi\n# This output is used by Xcode 'outputs' to avoid re-running this script phase.\necho \"SUCCESS\" > \"${SCRIPT_OUTPUT_FILE_0}\"\n";
			showEnvVarsInLog = 0;
		};
		CE12C49CE3485049312E2AA7 /* [CP] Embed Pods Frameworks */ = {
			isa = PBXShellScriptBuildPhase;
			buildActionMask = 2147483647;
			files = (
			);
			inputFileListPaths = (
			);
			inputPaths = (
				"${SRCROOT}/Pods/Target Support Files/Pods-DrewsStore/Pods-DrewsStore-frameworks.sh",
				"${BUILT_PRODUCTS_DIR}/SDWebImage/SDWebImage.framework",
			);
			name = "[CP] Embed Pods Frameworks";
			outputFileListPaths = (
			);
			outputPaths = (
				"${TARGET_BUILD_DIR}/${FRAMEWORKS_FOLDER_PATH}/SDWebImage.framework",
			);
			runOnlyForDeploymentPostprocessing = 0;
			shellPath = /bin/sh;
			shellScript = "\"${SRCROOT}/Pods/Target Support Files/Pods-DrewsStore/Pods-DrewsStore-frameworks.sh\"\n";
			showEnvVarsInLog = 0;
		};
/* End PBXShellScriptBuildPhase section */

/* Begin PBXSourcesBuildPhase section */
		6609A29022415BB10026CE8A /* Sources */ = {
			isa = PBXSourcesBuildPhase;
			buildActionMask = 2147483647;
			files = (
				669BCE0D2243E8D00028C5DA /* ApplicationsHeaderHorizontalViewController.swift in Sources */,
				6608D515224293C6003E0E35 /* APINetworking.swift in Sources */,
				6608D51D2242C6BD003E0E35 /* ApplicationsHorizontalViewController.swift in Sources */,
				6609A29A22415BB10026CE8A /* SearchViewController.swift in Sources */,
				660A066E224909A400E9E441 /* ApplicationFullscreenDescriptionCell.swift in Sources */,
				669BCE0B2243E67F0028C5DA /* ApplicationsHeader.swift in Sources */,
				6609A2B622417BB70026CE8A /* UIViewExt.swift in Sources */,
				660A06672248EA2600E9E441 /* TodayViewController.swift in Sources */,
				6608D51222428C31003E0E35 /* SearchResult.swift in Sources */,
				66092B242247C17A007DB974 /* ApplicationsPreviewViewController.swift in Sources */,
				669BCE072243DF040028C5DA /* ApplicationRowCell.swift in Sources */,
				6609A29822415BB10026CE8A /* AppDelegate.swift in Sources */,
				660A06692248EB3700E9E441 /* TodayCell.swift in Sources */,
				6604D73B2244F7ED004B5ABE /* HeaderResult.swift in Sources */,
				66092B282247D7E2007DB974 /* ApplicationReviewRowCell.swift in Sources */,
				660A06702249217D00E9E441 /* ApplicationFullscreenHeaderCell.swift in Sources */,
				6609A2AB22415CA40026CE8A /* MainTabBarController.swift in Sources */,
				66092B2A2247D8CD007DB974 /* ApplicationReviewsViewController.swift in Sources */,
				660A06722249619700E9E441 /* TodayItem.swift in Sources */,
				6609A2B12241727F0026CE8A /* SearchAppCell.swift in Sources */,
				669BCE0F2243F6EF0028C5DA /* ApplicationHeaderCell.swift in Sources */,
				66092B222247C020007DB974 /* ApplicationPreviewCell.swift in Sources */,
				6608D5192242C2E0003E0E35 /* ApplicationsGroupCell.swift in Sources */,
				669BCE092243E0470028C5DA /* UIImageViewExt.swift in Sources */,
				6609A2AE224170E50026CE8A /* Constants.swift in Sources */,
				6604D73D22454665004B5ABE /* HorizontalSnappigViewController.swift in Sources */,
				66092B2E2247E4F5007DB974 /* Reviews.swift in Sources */,
				6608D5172242BDB7003E0E35 /* ApplicationsViewController.swift in Sources */,
				6604D74122457DB6004B5ABE /* ApplicationDetailCell.swift in Sources */,
				669BCE112244074B0028C5DA /* ApplicationGroup.swift in Sources */,
				66092B262247CDF2007DB974 /* PreviewScreenshotCell.swift in Sources */,
				6608D51B2242C4ED003E0E35 /* UILabelExt.swift in Sources */,
				6604D73F2245748A004B5ABE /* ApplicationDetailViewController.swift in Sources */,
				660A066B2248FA5000E9E441 /* ApplicationFullscreenViewController.swift in Sources */,
				6609A2B8224182410026CE8A /* VerticalStackView.swift in Sources */,
				66092B2C2247DB8D007DB974 /* ApplicationSingleReviewCell.swift in Sources */,
			);
			runOnlyForDeploymentPostprocessing = 0;
		};
/* End PBXSourcesBuildPhase section */

/* Begin PBXVariantGroup section */
		6609A29B22415BB10026CE8A /* Main.storyboard */ = {
			isa = PBXVariantGroup;
			children = (
				6609A29C22415BB10026CE8A /* Base */,
			);
			name = Main.storyboard;
			sourceTree = "<group>";
		};
		6609A2A022415BB30026CE8A /* LaunchScreen.storyboard */ = {
			isa = PBXVariantGroup;
			children = (
				6609A2A122415BB30026CE8A /* Base */,
			);
			name = LaunchScreen.storyboard;
			sourceTree = "<group>";
		};
/* End PBXVariantGroup section */

/* Begin XCBuildConfiguration section */
		6609A2A422415BB30026CE8A /* Debug */ = {
			isa = XCBuildConfiguration;
			buildSettings = {
				ALWAYS_SEARCH_USER_PATHS = NO;
				CLANG_ANALYZER_NONNULL = YES;
				CLANG_ANALYZER_NUMBER_OBJECT_CONVERSION = YES_AGGRESSIVE;
				CLANG_CXX_LANGUAGE_STANDARD = "gnu++14";
				CLANG_CXX_LIBRARY = "libc++";
				CLANG_ENABLE_MODULES = YES;
				CLANG_ENABLE_OBJC_ARC = YES;
				CLANG_ENABLE_OBJC_WEAK = YES;
				CLANG_WARN_BLOCK_CAPTURE_AUTORELEASING = YES;
				CLANG_WARN_BOOL_CONVERSION = YES;
				CLANG_WARN_COMMA = YES;
				CLANG_WARN_CONSTANT_CONVERSION = YES;
				CLANG_WARN_DEPRECATED_OBJC_IMPLEMENTATIONS = YES;
				CLANG_WARN_DIRECT_OBJC_ISA_USAGE = YES_ERROR;
				CLANG_WARN_DOCUMENTATION_COMMENTS = YES;
				CLANG_WARN_EMPTY_BODY = YES;
				CLANG_WARN_ENUM_CONVERSION = YES;
				CLANG_WARN_INFINITE_RECURSION = YES;
				CLANG_WARN_INT_CONVERSION = YES;
				CLANG_WARN_NON_LITERAL_NULL_CONVERSION = YES;
				CLANG_WARN_OBJC_IMPLICIT_RETAIN_SELF = YES;
				CLANG_WARN_OBJC_LITERAL_CONVERSION = YES;
				CLANG_WARN_OBJC_ROOT_CLASS = YES_ERROR;
				CLANG_WARN_RANGE_LOOP_ANALYSIS = YES;
				CLANG_WARN_STRICT_PROTOTYPES = YES;
				CLANG_WARN_SUSPICIOUS_MOVE = YES;
				CLANG_WARN_UNGUARDED_AVAILABILITY = YES_AGGRESSIVE;
				CLANG_WARN_UNREACHABLE_CODE = YES;
				CLANG_WARN__DUPLICATE_METHOD_MATCH = YES;
				CODE_SIGN_IDENTITY = "iPhone Developer";
				COPY_PHASE_STRIP = NO;
				DEBUG_INFORMATION_FORMAT = dwarf;
				ENABLE_STRICT_OBJC_MSGSEND = YES;
				ENABLE_TESTABILITY = YES;
				GCC_C_LANGUAGE_STANDARD = gnu11;
				GCC_DYNAMIC_NO_PIC = NO;
				GCC_NO_COMMON_BLOCKS = YES;
				GCC_OPTIMIZATION_LEVEL = 0;
				GCC_PREPROCESSOR_DEFINITIONS = (
					"DEBUG=1",
					"$(inherited)",
				);
				GCC_WARN_64_TO_32_BIT_CONVERSION = YES;
				GCC_WARN_ABOUT_RETURN_TYPE = YES_ERROR;
				GCC_WARN_UNDECLARED_SELECTOR = YES;
				GCC_WARN_UNINITIALIZED_AUTOS = YES_AGGRESSIVE;
				GCC_WARN_UNUSED_FUNCTION = YES;
				GCC_WARN_UNUSED_VARIABLE = YES;
				IPHONEOS_DEPLOYMENT_TARGET = 12.1;
				MTL_ENABLE_DEBUG_INFO = INCLUDE_SOURCE;
				MTL_FAST_MATH = YES;
				ONLY_ACTIVE_ARCH = YES;
				SDKROOT = iphoneos;
				SWIFT_ACTIVE_COMPILATION_CONDITIONS = DEBUG;
				SWIFT_OPTIMIZATION_LEVEL = "-Onone";
			};
			name = Debug;
		};
		6609A2A522415BB30026CE8A /* Release */ = {
			isa = XCBuildConfiguration;
			buildSettings = {
				ALWAYS_SEARCH_USER_PATHS = NO;
				CLANG_ANALYZER_NONNULL = YES;
				CLANG_ANALYZER_NUMBER_OBJECT_CONVERSION = YES_AGGRESSIVE;
				CLANG_CXX_LANGUAGE_STANDARD = "gnu++14";
				CLANG_CXX_LIBRARY = "libc++";
				CLANG_ENABLE_MODULES = YES;
				CLANG_ENABLE_OBJC_ARC = YES;
				CLANG_ENABLE_OBJC_WEAK = YES;
				CLANG_WARN_BLOCK_CAPTURE_AUTORELEASING = YES;
				CLANG_WARN_BOOL_CONVERSION = YES;
				CLANG_WARN_COMMA = YES;
				CLANG_WARN_CONSTANT_CONVERSION = YES;
				CLANG_WARN_DEPRECATED_OBJC_IMPLEMENTATIONS = YES;
				CLANG_WARN_DIRECT_OBJC_ISA_USAGE = YES_ERROR;
				CLANG_WARN_DOCUMENTATION_COMMENTS = YES;
				CLANG_WARN_EMPTY_BODY = YES;
				CLANG_WARN_ENUM_CONVERSION = YES;
				CLANG_WARN_INFINITE_RECURSION = YES;
				CLANG_WARN_INT_CONVERSION = YES;
				CLANG_WARN_NON_LITERAL_NULL_CONVERSION = YES;
				CLANG_WARN_OBJC_IMPLICIT_RETAIN_SELF = YES;
				CLANG_WARN_OBJC_LITERAL_CONVERSION = YES;
				CLANG_WARN_OBJC_ROOT_CLASS = YES_ERROR;
				CLANG_WARN_RANGE_LOOP_ANALYSIS = YES;
				CLANG_WARN_STRICT_PROTOTYPES = YES;
				CLANG_WARN_SUSPICIOUS_MOVE = YES;
				CLANG_WARN_UNGUARDED_AVAILABILITY = YES_AGGRESSIVE;
				CLANG_WARN_UNREACHABLE_CODE = YES;
				CLANG_WARN__DUPLICATE_METHOD_MATCH = YES;
				CODE_SIGN_IDENTITY = "iPhone Developer";
				COPY_PHASE_STRIP = NO;
				DEBUG_INFORMATION_FORMAT = "dwarf-with-dsym";
				ENABLE_NS_ASSERTIONS = NO;
				ENABLE_STRICT_OBJC_MSGSEND = YES;
				GCC_C_LANGUAGE_STANDARD = gnu11;
				GCC_NO_COMMON_BLOCKS = YES;
				GCC_WARN_64_TO_32_BIT_CONVERSION = YES;
				GCC_WARN_ABOUT_RETURN_TYPE = YES_ERROR;
				GCC_WARN_UNDECLARED_SELECTOR = YES;
				GCC_WARN_UNINITIALIZED_AUTOS = YES_AGGRESSIVE;
				GCC_WARN_UNUSED_FUNCTION = YES;
				GCC_WARN_UNUSED_VARIABLE = YES;
				IPHONEOS_DEPLOYMENT_TARGET = 12.1;
				MTL_ENABLE_DEBUG_INFO = NO;
				MTL_FAST_MATH = YES;
				SDKROOT = iphoneos;
				SWIFT_COMPILATION_MODE = wholemodule;
				SWIFT_OPTIMIZATION_LEVEL = "-O";
				VALIDATE_PRODUCT = YES;
			};
			name = Release;
		};
		6609A2A722415BB30026CE8A /* Debug */ = {
			isa = XCBuildConfiguration;
			baseConfigurationReference = 228AF61CEFE1D2273AF0BC91 /* Pods-DrewsStore.debug.xcconfig */;
			buildSettings = {
				ASSETCATALOG_COMPILER_APPICON_NAME = AppIcon;
				CODE_SIGN_STYLE = Automatic;
				DEVELOPMENT_TEAM = KDQKPD95SL;
				INFOPLIST_FILE = DrewsStore/Info.plist;
				LD_RUNPATH_SEARCH_PATHS = (
					"$(inherited)",
					"@executable_path/Frameworks",
				);
				PRODUCT_BUNDLE_IDENTIFIER = com.drews.DrewsStore;
				PRODUCT_NAME = "$(TARGET_NAME)";
				SWIFT_VERSION = 4.2;
				TARGETED_DEVICE_FAMILY = "1,2";
			};
			name = Debug;
		};
		6609A2A822415BB30026CE8A /* Release */ = {
			isa = XCBuildConfiguration;
			baseConfigurationReference = B00508970442CFF41F81A912 /* Pods-DrewsStore.release.xcconfig */;
			buildSettings = {
				ASSETCATALOG_COMPILER_APPICON_NAME = AppIcon;
				CODE_SIGN_STYLE = Automatic;
				DEVELOPMENT_TEAM = KDQKPD95SL;
				INFOPLIST_FILE = DrewsStore/Info.plist;
				LD_RUNPATH_SEARCH_PATHS = (
					"$(inherited)",
					"@executable_path/Frameworks",
				);
				PRODUCT_BUNDLE_IDENTIFIER = com.drews.DrewsStore;
				PRODUCT_NAME = "$(TARGET_NAME)";
				SWIFT_VERSION = 4.2;
				TARGETED_DEVICE_FAMILY = "1,2";
			};
			name = Release;
		};
/* End XCBuildConfiguration section */

/* Begin XCConfigurationList section */
		6609A28F22415BB10026CE8A /* Build configuration list for PBXProject "DrewsStore" */ = {
			isa = XCConfigurationList;
			buildConfigurations = (
				6609A2A422415BB30026CE8A /* Debug */,
				6609A2A522415BB30026CE8A /* Release */,
			);
			defaultConfigurationIsVisible = 0;
			defaultConfigurationName = Release;
		};
		6609A2A622415BB30026CE8A /* Build configuration list for PBXNativeTarget "DrewsStore" */ = {
			isa = XCConfigurationList;
			buildConfigurations = (
				6609A2A722415BB30026CE8A /* Debug */,
				6609A2A822415BB30026CE8A /* Release */,
			);
			defaultConfigurationIsVisible = 0;
			defaultConfigurationName = Release;
		};
/* End XCConfigurationList section */
	};
	rootObject = 6609A28C22415BB10026CE8A /* Project object */;
}
